
Microsoft Visual Studio Solution File, Format Version 12.00
# Visual Studio Version 17
VisualStudioVersion = 17.0.31903.59
MinimumVisualStudioVersion = 10.0.40219.1
Project("{FAE04EC0-301F-11D3-BF4B-00C04F79EFBC}") = "ProjetoFinal.Console", "ProjetoFinal.Console\ProjetoFinal.Console.csproj", "{041DFE4C-1AD0-424C-BF3B-D0C494410359}"
EndProject
Project("{FAE04EC0-301F-11D3-BF4B-00C04F79EFBC}") = "ProjetoFinal.Tests", "ProjetoFinal.Tests\ProjetoFinal.Tests.csproj", "{5A92727F-7DF7-49C1-B6C8-661D5F2968F8}"
EndProject
Global
	GlobalSection(SolutionConfigurationPlatforms) = preSolution
		Debug|Any CPU = Debug|Any CPU
		Release|Any CPU = Release|Any CPU
	EndGlobalSection
	GlobalSection(SolutionProperties) = preSolution
		HideSolutionNode = FALSE
	EndGlobalSection
	GlobalSection(ProjectConfigurationPlatforms) = postSolution
		{041DFE4C-1AD0-424C-BF3B-D0C494410359}.Debug|Any CPU.ActiveCfg = Debug|Any CPU
		{041DFE4C-1AD0-424C-BF3B-D0C494410359}.Debug|Any CPU.Build.0 = Debug|Any CPU
		{041DFE4C-1AD0-424C-BF3B-D0C494410359}.Release|Any CPU.ActiveCfg = Release|Any CPU
		{041DFE4C-1AD0-424C-BF3B-D0C494410359}.Release|Any CPU.Build.0 = Release|Any CPU
		{5A92727F-7DF7-49C1-B6C8-661D5F2968F8}.Debug|Any CPU.ActiveCfg = Debug|Any CPU
		{5A92727F-7DF7-49C1-B6C8-661D5F2968F8}.Debug|Any CPU.Build.0 = Debug|Any CPU
		{5A92727F-7DF7-49C1-B6C8-661D5F2968F8}.Release|Any CPU.ActiveCfg = Release|Any CPU
		{5A92727F-7DF7-49C1-B6C8-661D5F2968F8}.Release|Any CPU.Build.0 = Release|Any CPU
	EndGlobalSection
EndGlobal
